
Microsoft Visual Studio Solution File, Format Version 12.00
# Visual Studio Version 17
VisualStudioVersion = 17.1.32407.343
MinimumVisualStudioVersion = 10.0.40219.1
Project("{FAE04EC0-301F-11D3-BF4B-00C04F79EFBC}") = "AnthologyMemberApi", "AnthologyMemberApi\AnthologyMemberApi.csproj", "{C67C69B3-AAB8-4BB4-9988-892BCF0C4570}"
EndProject
Global
	GlobalSection(SolutionConfigurationPlatforms) = preSolution
		Debug|Any CPU = Debug|Any CPU
		Release|Any CPU = Release|Any CPU
	EndGlobalSection
	GlobalSection(ProjectConfigurationPlatforms) = postSolution
		{C67C69B3-AAB8-4BB4-9988-892BCF0C4570}.Debug|Any CPU.ActiveCfg = Debug|Any CPU
		{C67C69B3-AAB8-4BB4-9988-892BCF0C4570}.Debug|Any CPU.Build.0 = Debug|Any CPU
		{C67C69B3-AAB8-4BB4-9988-892BCF0C4570}.Release|Any CPU.ActiveCfg = Release|Any CPU
		{C67C69B3-AAB8-4BB4-9988-892BCF0C4570}.Release|Any CPU.Build.0 = Release|Any CPU
	EndGlobalSection
	GlobalSection(SolutionProperties) = preSolution
		HideSolutionNode = FALSE
	EndGlobalSection
	GlobalSection(ExtensibilityGlobals) = postSolution
		SolutionGuid = {717C18FC-BF85-4B59-81FD-A6F8FB7EB07F}
	EndGlobalSection
EndGlobal
